
Microsoft Visual Studio Solution File, Format Version 12.00
# Visual Studio Version 16
VisualStudioVersion = 16.0.32228.343
MinimumVisualStudioVersion = 10.0.40219.1
Project("{FAE04EC0-301F-11D3-BF4B-00C04F79EFBC}") = "MassFood", "MassFood\MassFood.csproj", "{AF41B34A-B26C-44FF-99FE-239D155F982A}"
EndProject
Global
	GlobalSection(SolutionConfigurationPlatforms) = preSolution
		Debug|Any CPU = Debug|Any CPU
		Release|Any CPU = Release|Any CPU
	EndGlobalSection
	GlobalSection(ProjectConfigurationPlatforms) = postSolution
		{AF41B34A-B26C-44FF-99FE-239D155F982A}.Debug|Any CPU.ActiveCfg = Debug|Any CPU
		{AF41B34A-B26C-44FF-99FE-239D155F982A}.Debug|Any CPU.Build.0 = Debug|Any CPU
		{AF41B34A-B26C-44FF-99FE-239D155F982A}.Release|Any CPU.ActiveCfg = Release|Any CPU
		{AF41B34A-B26C-44FF-99FE-239D155F982A}.Release|Any CPU.Build.0 = Release|Any CPU
	EndGlobalSection
	GlobalSection(SolutionProperties) = preSolution
		HideSolutionNode = FALSE
	EndGlobalSection
	GlobalSection(ExtensibilityGlobals) = postSolution
		SolutionGuid = {A1B5443B-BF8E-4F08-B1B7-D0B78C7EA0C9}
	EndGlobalSection
EndGlobal
